
Microsoft Visual Studio Solution File, Format Version 12.00
# Visual Studio Version 17
VisualStudioVersion = 17.4.33213.308
MinimumVisualStudioVersion = 10.0.40219.1
Project("{8BC9CEB8-8B4A-11D0-8D11-00A0C91BC942}") = "ConceptCoreLibrary", "ccl\core\ConceptLibrary.vcxproj", "{B0ABA27B-9D39-4B48-9977-AFF20925B309}"
EndProject
Project("{8BC9CEB8-8B4A-11D0-8D11-00A0C91BC942}") = "RSlang", "ccl\rslang\RSlang.vcxproj", "{A8529C63-42F5-43E6-97B8-2EC83F23E1F9}"
EndProject
Project("{8BC9CEB8-8B4A-11D0-8D11-00A0C91BC942}") = "RSlangTest", "ccl\rslang\test\rslTest.vcxproj", "{32469CE1-303B-4DB4-8E03-B7EBED5851EB}"
EndProject
Project("{8BC9CEB8-8B4A-11D0-8D11-00A0C91BC942}") = "cclGraph", "ccl\cclGraph\cclGraph.vcxproj", "{7E1D5338-F819-4C96-B461-9EAAB8D02E1D}"
EndProject
Project("{8BC9CEB8-8B4A-11D0-8D11-00A0C91BC942}") = "cclGraphTest", "ccl\cclGraph\test\cclGraphTest.vcxproj", "{5A2501C1-FEFB-4B14-A94D-E8F19ADEA239}"
EndProject
Project("{8BC9CEB8-8B4A-11D0-8D11-00A0C91BC942}") = "cclLang", "ccl\cclLang\cclLang.vcxproj", "{76B03803-56CC-47C2-A8F0-2241FCAF2898}"
EndProject
Project("{8BC9CEB8-8B4A-11D0-8D11-00A0C91BC942}") = "cclLangTest", "ccl\cclLang\test\cclLangTest.vcxproj", "{4754356B-DC01-4564-A035-270FFB72F6A0}"
EndProject
Project("{2150E333-8FDC-42A3-9474-1A3956D46DE8}") = "libs", "libs", "{FB8E3011-BB07-4F6E-B2C7-A0A183BC5000}"
EndProject
Project("{8BC9CEB8-8B4A-11D0-8D11-00A0C91BC942}") = "ConceptCoreDLL", "coredll\ConceptCoreDLL.vcxproj", "{6FDADD78-2FC1-4DBD-A2C4-B2EF35025AC0}"
EndProject
Project("{8BC9CEB8-8B4A-11D0-8D11-00A0C91BC942}") = "cclTest", "ccl\core\test\cclTest.vcxproj", "{F87048D4-952A-460E-96E8-1E2E1EAE34FC}"
EndProject
Project("{8BC9CEB8-8B4A-11D0-8D11-00A0C91BC942}") = "ccdTest", "coredll\test\ccdTest.vcxproj", "{6BDE1298-8F16-4275-BA8A-F6CC54CB9B9D}"
EndProject
Project("{8BC9CEB8-8B4A-11D0-8D11-00A0C91BC942}") = "cclCommonsTest", "ccl\cclCommons\test\cclCommonsTest.vcxproj", "{53A380CF-B599-4170-89B1-642F1C3772E1}"
EndProject
Project("{8BC9CEB8-8B4A-11D0-8D11-00A0C91BC942}") = "pyconcept", "pyconcept\pyconcept.vcxproj", "{692F2E27-1749-4A3C-9543-C4101E7B8E49}"
EndProject
Global
	GlobalSection(SolutionConfigurationPlatforms) = preSolution
		Debug|x64 = Debug|x64
		Debug|x86 = Debug|x86
		Release|x64 = Release|x64
		Release|x86 = Release|x86
	EndGlobalSection
	GlobalSection(ProjectConfigurationPlatforms) = postSolution
		{B0ABA27B-9D39-4B48-9977-AFF20925B309}.Debug|x64.ActiveCfg = Debug|x64
		{B0ABA27B-9D39-4B48-9977-AFF20925B309}.Debug|x64.Build.0 = Debug|x64
		{B0ABA27B-9D39-4B48-9977-AFF20925B309}.Debug|x86.ActiveCfg = Debug|Win32
		{B0ABA27B-9D39-4B48-9977-AFF20925B309}.Debug|x86.Build.0 = Debug|Win32
		{B0ABA27B-9D39-4B48-9977-AFF20925B309}.Release|x64.ActiveCfg = Release|x64
		{B0ABA27B-9D39-4B48-9977-AFF20925B309}.Release|x64.Build.0 = Release|x64
		{B0ABA27B-9D39-4B48-9977-AFF20925B309}.Release|x86.ActiveCfg = Release|Win32
		{B0ABA27B-9D39-4B48-9977-AFF20925B309}.Release|x86.Build.0 = Release|Win32
		{A8529C63-42F5-43E6-97B8-2EC83F23E1F9}.Debug|x64.ActiveCfg = Debug|x64
		{A8529C63-42F5-43E6-97B8-2EC83F23E1F9}.Debug|x64.Build.0 = Debug|x64
		{A8529C63-42F5-43E6-97B8-2EC83F23E1F9}.Debug|x86.ActiveCfg = Debug|Win32
		{A8529C63-42F5-43E6-97B8-2EC83F23E1F9}.Debug|x86.Build.0 = Debug|Win32
		{A8529C63-42F5-43E6-97B8-2EC83F23E1F9}.Release|x64.ActiveCfg = Release|x64
		{A8529C63-42F5-43E6-97B8-2EC83F23E1F9}.Release|x64.Build.0 = Release|x64
		{A8529C63-42F5-43E6-97B8-2EC83F23E1F9}.Release|x86.ActiveCfg = Release|Win32
		{A8529C63-42F5-43E6-97B8-2EC83F23E1F9}.Release|x86.Build.0 = Release|Win32
		{32469CE1-303B-4DB4-8E03-B7EBED5851EB}.Debug|x64.ActiveCfg = Debug|x64
		{32469CE1-303B-4DB4-8E03-B7EBED5851EB}.Debug|x64.Build.0 = Debug|x64
		{32469CE1-303B-4DB4-8E03-B7EBED5851EB}.Debug|x86.ActiveCfg = Debug|Win32
		{32469CE1-303B-4DB4-8E03-B7EBED5851EB}.Debug|x86.Build.0 = Debug|Win32
		{32469CE1-303B-4DB4-8E03-B7EBED5851EB}.Release|x64.ActiveCfg = Release|x64
		{32469CE1-303B-4DB4-8E03-B7EBED5851EB}.Release|x64.Build.0 = Release|x64
		{32469CE1-303B-4DB4-8E03-B7EBED5851EB}.Release|x86.ActiveCfg = Release|Win32
		{32469CE1-303B-4DB4-8E03-B7EBED5851EB}.Release|x86.Build.0 = Release|Win32
		{7E1D5338-F819-4C96-B461-9EAAB8D02E1D}.Debug|x64.ActiveCfg = Debug|x64
		{7E1D5338-F819-4C96-B461-9EAAB8D02E1D}.Debug|x64.Build.0 = Debug|x64
		{7E1D5338-F819-4C96-B461-9EAAB8D02E1D}.Debug|x86.ActiveCfg = Debug|Win32
		{7E1D5338-F819-4C96-B461-9EAAB8D02E1D}.Debug|x86.Build.0 = Debug|Win32
		{7E1D5338-F819-4C96-B461-9EAAB8D02E1D}.Release|x64.ActiveCfg = Release|x64
		{7E1D5338-F819-4C96-B461-9EAAB8D02E1D}.Release|x64.Build.0 = Release|x64
		{7E1D5338-F819-4C96-B461-9EAAB8D02E1D}.Release|x86.ActiveCfg = Release|Win32
		{7E1D5338-F819-4C96-B461-9EAAB8D02E1D}.Release|x86.Build.0 = Release|Win32
		{5A2501C1-FEFB-4B14-A94D-E8F19ADEA239}.Debug|x64.ActiveCfg = Debug|x64
		{5A2501C1-FEFB-4B14-A94D-E8F19ADEA239}.Debug|x64.Build.0 = Debug|x64
		{5A2501C1-FEFB-4B14-A94D-E8F19ADEA239}.Debug|x86.ActiveCfg = Debug|Win32
		{5A2501C1-FEFB-4B14-A94D-E8F19ADEA239}.Debug|x86.Build.0 = Debug|Win32
		{5A2501C1-FEFB-4B14-A94D-E8F19ADEA239}.Release|x64.ActiveCfg = Release|x64
		{5A2501C1-FEFB-4B14-A94D-E8F19ADEA239}.Release|x64.Build.0 = Release|x64
		{5A2501C1-FEFB-4B14-A94D-E8F19ADEA239}.Release|x86.ActiveCfg = Release|Win32
		{5A2501C1-FEFB-4B14-A94D-E8F19ADEA239}.Release|x86.Build.0 = Release|Win32
		{76B03803-56CC-47C2-A8F0-2241FCAF2898}.Debug|x64.ActiveCfg = Debug|x64
		{76B03803-56CC-47C2-A8F0-2241FCAF2898}.Debug|x64.Build.0 = Debug|x64
		{76B03803-56CC-47C2-A8F0-2241FCAF2898}.Debug|x86.ActiveCfg = Debug|Win32
		{76B03803-56CC-47C2-A8F0-2241FCAF2898}.Debug|x86.Build.0 = Debug|Win32
		{76B03803-56CC-47C2-A8F0-2241FCAF2898}.Release|x64.ActiveCfg = Release|x64
		{76B03803-56CC-47C2-A8F0-2241FCAF2898}.Release|x64.Build.0 = Release|x64
		{76B03803-56CC-47C2-A8F0-2241FCAF2898}.Release|x86.ActiveCfg = Release|Win32
		{76B03803-56CC-47C2-A8F0-2241FCAF2898}.Release|x86.Build.0 = Release|Win32
		{4754356B-DC01-4564-A035-270FFB72F6A0}.Debug|x64.ActiveCfg = Debug|x64
		{4754356B-DC01-4564-A035-270FFB72F6A0}.Debug|x64.Build.0 = Debug|x64
		{4754356B-DC01-4564-A035-270FFB72F6A0}.Debug|x86.ActiveCfg = Debug|Win32
		{4754356B-DC01-4564-A035-270FFB72F6A0}.Debug|x86.Build.0 = Debug|Win32
		{4754356B-DC01-4564-A035-270FFB72F6A0}.Release|x64.ActiveCfg = Release|x64
		{4754356B-DC01-4564-A035-270FFB72F6A0}.Release|x64.Build.0 = Release|x64
		{4754356B-DC01-4564-A035-270FFB72F6A0}.Release|x86.ActiveCfg = Release|Win32
		{4754356B-DC01-4564-A035-270FFB72F6A0}.Release|x86.Build.0 = Release|Win32
		{6FDADD78-2FC1-4DBD-A2C4-B2EF35025AC0}.Debug|x64.ActiveCfg = Debug|x64
		{6FDADD78-2FC1-4DBD-A2C4-B2EF35025AC0}.Debug|x64.Build.0 = Debug|x64
		{6FDADD78-2FC1-4DBD-A2C4-B2EF35025AC0}.Debug|x86.ActiveCfg = Debug|Win32
		{6FDADD78-2FC1-4DBD-A2C4-B2EF35025AC0}.Debug|x86.Build.0 = Debug|Win32
		{6FDADD78-2FC1-4DBD-A2C4-B2EF35025AC0}.Release|x64.ActiveCfg = Release|x64
		{6FDADD78-2FC1-4DBD-A2C4-B2EF35025AC0}.Release|x64.Build.0 = Release|x64
		{6FDADD78-2FC1-4DBD-A2C4-B2EF35025AC0}.Release|x86.ActiveCfg = Release|Win32
		{6FDADD78-2FC1-4DBD-A2C4-B2EF35025AC0}.Release|x86.Build.0 = Release|Win32
		{F87048D4-952A-460E-96E8-1E2E1EAE34FC}.Debug|x64.ActiveCfg = Debug|x64
		{F87048D4-952A-460E-96E8-1E2E1EAE34FC}.Debug|x64.Build.0 = Debug|x64
		{F87048D4-952A-460E-96E8-1E2E1EAE34FC}.Debug|x86.ActiveCfg = Debug|Win32
		{F87048D4-952A-460E-96E8-1E2E1EAE34FC}.Debug|x86.Build.0 = Debug|Win32
		{F87048D4-952A-460E-96E8-1E2E1EAE34FC}.Release|x64.ActiveCfg = Release|x64
		{F87048D4-952A-460E-96E8-1E2E1EAE34FC}.Release|x64.Build.0 = Release|x64
		{F87048D4-952A-460E-96E8-1E2E1EAE34FC}.Release|x86.ActiveCfg = Release|Win32
		{F87048D4-952A-460E-96E8-1E2E1EAE34FC}.Release|x86.Build.0 = Release|Win32
		{6BDE1298-8F16-4275-BA8A-F6CC54CB9B9D}.Debug|x64.ActiveCfg = Debug|x64
		{6BDE1298-8F16-4275-BA8A-F6CC54CB9B9D}.Debug|x64.Build.0 = Debug|x64
		{6BDE1298-8F16-4275-BA8A-F6CC54CB9B9D}.Debug|x86.ActiveCfg = Debug|Win32
		{6BDE1298-8F16-4275-BA8A-F6CC54CB9B9D}.Debug|x86.Build.0 = Debug|Win32
		{6BDE1298-8F16-4275-BA8A-F6CC54CB9B9D}.Release|x64.ActiveCfg = Release|x64
		{6BDE1298-8F16-4275-BA8A-F6CC54CB9B9D}.Release|x64.Build.0 = Release|x64
		{6BDE1298-8F16-4275-BA8A-F6CC54CB9B9D}.Release|x86.ActiveCfg = Release|Win32
		{6BDE1298-8F16-4275-BA8A-F6CC54CB9B9D}.Release|x86.Build.0 = Release|Win32
		{53A380CF-B599-4170-89B1-642F1C3772E1}.Debug|x64.ActiveCfg = Debug|x64
		{53A380CF-B599-4170-89B1-642F1C3772E1}.Debug|x64.Build.0 = Debug|x64
		{53A380CF-B599-4170-89B1-642F1C3772E1}.Debug|x86.ActiveCfg = Debug|Win32
		{53A380CF-B599-4170-89B1-642F1C3772E1}.Debug|x86.Build.0 = Debug|Win32
		{53A380CF-B599-4170-89B1-642F1C3772E1}.Release|x64.ActiveCfg = Release|x64
		{53A380CF-B599-4170-89B1-642F1C3772E1}.Release|x64.Build.0 = Release|x64
		{53A380CF-B599-4170-89B1-642F1C3772E1}.Release|x86.ActiveCfg = Release|Win32
		{53A380CF-B599-4170-89B1-642F1C3772E1}.Release|x86.Build.0 = Release|Win32
		{692F2E27-1749-4A3C-9543-C4101E7B8E49}.Debug|x64.ActiveCfg = Debug|x64
		{692F2E27-1749-4A3C-9543-C4101E7B8E49}.Debug|x64.Build.0 = Debug|x64
		{692F2E27-1749-4A3C-9543-C4101E7B8E49}.Debug|x86.ActiveCfg = Debug|Win32
		{692F2E27-1749-4A3C-9543-C4101E7B8E49}.Debug|x86.Build.0 = Debug|Win32
		{692F2E27-1749-4A3C-9543-C4101E7B8E49}.Release|x64.ActiveCfg = Release|x64
		{692F2E27-1749-4A3C-9543-C4101E7B8E49}.Release|x86.ActiveCfg = Release|Win32
	EndGlobalSection
	GlobalSection(SolutionProperties) = preSolution
		HideSolutionNode = FALSE
	EndGlobalSection
	GlobalSection(NestedProjects) = preSolution
		{B0ABA27B-9D39-4B48-9977-AFF20925B309} = {FB8E3011-BB07-4F6E-B2C7-A0A183BC5000}
		{A8529C63-42F5-43E6-97B8-2EC83F23E1F9} = {FB8E3011-BB07-4F6E-B2C7-A0A183BC5000}
		{32469CE1-303B-4DB4-8E03-B7EBED5851EB} = {FB8E3011-BB07-4F6E-B2C7-A0A183BC5000}
		{7E1D5338-F819-4C96-B461-9EAAB8D02E1D} = {FB8E3011-BB07-4F6E-B2C7-A0A183BC5000}
		{5A2501C1-FEFB-4B14-A94D-E8F19ADEA239} = {FB8E3011-BB07-4F6E-B2C7-A0A183BC5000}
		{76B03803-56CC-47C2-A8F0-2241FCAF2898} = {FB8E3011-BB07-4F6E-B2C7-A0A183BC5000}
		{4754356B-DC01-4564-A035-270FFB72F6A0} = {FB8E3011-BB07-4F6E-B2C7-A0A183BC5000}
		{F87048D4-952A-460E-96E8-1E2E1EAE34FC} = {FB8E3011-BB07-4F6E-B2C7-A0A183BC5000}
		{53A380CF-B599-4170-89B1-642F1C3772E1} = {FB8E3011-BB07-4F6E-B2C7-A0A183BC5000}
	EndGlobalSection
	GlobalSection(ExtensibilityGlobals) = postSolution
		SolutionGuid = {F00AAF54-A857-4895-B4D8-1A09BC7CAD50}
	EndGlobalSection
EndGlobal
